
Microsoft Visual Studio Solution File, Format Version 12.00
# Visual Studio Version 16
VisualStudioVersion = 16.0.31613.86
MinimumVisualStudioVersion = 10.0.40219.1
Project("{FAE04EC0-301F-11D3-BF4B-00C04F79EFBC}") = "CuestionarioASP", "CuestionarioASP\CuestionarioASP.csproj", "{0EFF4018-9404-449B-BCE4-63DDE148BC30}"
EndProject
Global
	GlobalSection(SolutionConfigurationPlatforms) = preSolution
		Debug|Any CPU = Debug|Any CPU
		Release|Any CPU = Release|Any CPU
	EndGlobalSection
	GlobalSection(ProjectConfigurationPlatforms) = postSolution
		{0EFF4018-9404-449B-BCE4-63DDE148BC30}.Debug|Any CPU.ActiveCfg = Debug|Any CPU
		{0EFF4018-9404-449B-BCE4-63DDE148BC30}.Debug|Any CPU.Build.0 = Debug|Any CPU
		{0EFF4018-9404-449B-BCE4-63DDE148BC30}.Release|Any CPU.ActiveCfg = Release|Any CPU
		{0EFF4018-9404-449B-BCE4-63DDE148BC30}.Release|Any CPU.Build.0 = Release|Any CPU
	EndGlobalSection
	GlobalSection(SolutionProperties) = preSolution
		HideSolutionNode = FALSE
	EndGlobalSection
	GlobalSection(ExtensibilityGlobals) = postSolution
		SolutionGuid = {155BA5F4-BA24-47BD-B990-C5F460C8D88B}
	EndGlobalSection
EndGlobal
