
Microsoft Visual Studio Solution File, Format Version 12.00
# Visual Studio Version 16
VisualStudioVersion = 16.0.31424.327
MinimumVisualStudioVersion = 10.0.40219.1
Project("{FAE04EC0-301F-11D3-BF4B-00C04F79EFBC}") = "Ejerciciobancoconsola", "Ejerciciobancoconsola\Ejerciciobancoconsola.csproj", "{6892CD78-DF82-4943-87C0-D28B9665173C}"
EndProject
Global
	GlobalSection(SolutionConfigurationPlatforms) = preSolution
		Debug|Any CPU = Debug|Any CPU
		Release|Any CPU = Release|Any CPU
	EndGlobalSection
	GlobalSection(ProjectConfigurationPlatforms) = postSolution
		{6892CD78-DF82-4943-87C0-D28B9665173C}.Debug|Any CPU.ActiveCfg = Debug|Any CPU
		{6892CD78-DF82-4943-87C0-D28B9665173C}.Debug|Any CPU.Build.0 = Debug|Any CPU
		{6892CD78-DF82-4943-87C0-D28B9665173C}.Release|Any CPU.ActiveCfg = Release|Any CPU
		{6892CD78-DF82-4943-87C0-D28B9665173C}.Release|Any CPU.Build.0 = Release|Any CPU
	EndGlobalSection
	GlobalSection(SolutionProperties) = preSolution
		HideSolutionNode = FALSE
	EndGlobalSection
	GlobalSection(ExtensibilityGlobals) = postSolution
		SolutionGuid = {8A976520-48CC-44E7-A585-E9D34F3057C5}
	EndGlobalSection
EndGlobal
