
Microsoft Visual Studio Solution File, Format Version 12.00
# Visual Studio Version 16
VisualStudioVersion = 16.0.31515.178
MinimumVisualStudioVersion = 10.0.40219.1
Project("{FAE04EC0-301F-11D3-BF4B-00C04F79EFBC}") = "InyeccionSQL", "InyeccionSQL\InyeccionSQL.csproj", "{F1C1BD93-C292-4596-B7CD-601881EAE102}"
EndProject
Global
	GlobalSection(SolutionConfigurationPlatforms) = preSolution
		Debug|Any CPU = Debug|Any CPU
		Release|Any CPU = Release|Any CPU
	EndGlobalSection
	GlobalSection(ProjectConfigurationPlatforms) = postSolution
		{F1C1BD93-C292-4596-B7CD-601881EAE102}.Debug|Any CPU.ActiveCfg = Debug|Any CPU
		{F1C1BD93-C292-4596-B7CD-601881EAE102}.Debug|Any CPU.Build.0 = Debug|Any CPU
		{F1C1BD93-C292-4596-B7CD-601881EAE102}.Release|Any CPU.ActiveCfg = Release|Any CPU
		{F1C1BD93-C292-4596-B7CD-601881EAE102}.Release|Any CPU.Build.0 = Release|Any CPU
	EndGlobalSection
	GlobalSection(SolutionProperties) = preSolution
		HideSolutionNode = FALSE
	EndGlobalSection
	GlobalSection(ExtensibilityGlobals) = postSolution
		SolutionGuid = {0AF3ECBC-6422-4922-A23E-6458DF171183}
	EndGlobalSection
EndGlobal
