
Microsoft Visual Studio Solution File, Format Version 12.00
# Visual Studio Version 16
VisualStudioVersion = 16.0.31613.86
MinimumVisualStudioVersion = 10.0.40219.1
Project("{FAE04EC0-301F-11D3-BF4B-00C04F79EFBC}") = "EXAMEN AGOSTO", "EXAMEN AGOSTO\EXAMEN AGOSTO.csproj", "{379E8B89-B298-4EE2-B4BC-46B5203708DE}"
EndProject
Global
	GlobalSection(SolutionConfigurationPlatforms) = preSolution
		Debug|Any CPU = Debug|Any CPU
		Release|Any CPU = Release|Any CPU
	EndGlobalSection
	GlobalSection(ProjectConfigurationPlatforms) = postSolution
		{379E8B89-B298-4EE2-B4BC-46B5203708DE}.Debug|Any CPU.ActiveCfg = Debug|Any CPU
		{379E8B89-B298-4EE2-B4BC-46B5203708DE}.Debug|Any CPU.Build.0 = Debug|Any CPU
		{379E8B89-B298-4EE2-B4BC-46B5203708DE}.Release|Any CPU.ActiveCfg = Release|Any CPU
		{379E8B89-B298-4EE2-B4BC-46B5203708DE}.Release|Any CPU.Build.0 = Release|Any CPU
	EndGlobalSection
	GlobalSection(SolutionProperties) = preSolution
		HideSolutionNode = FALSE
	EndGlobalSection
	GlobalSection(ExtensibilityGlobals) = postSolution
		SolutionGuid = {43F7515B-7831-4998-8EA2-C564EF360EC1}
	EndGlobalSection
EndGlobal
