
Microsoft Visual Studio Solution File, Format Version 12.00
# Visual Studio Version 16
VisualStudioVersion = 16.0.31613.86
MinimumVisualStudioVersion = 10.0.40219.1
Project("{FAE04EC0-301F-11D3-BF4B-00C04F79EFBC}") = "Examen250821", "Examen250821\Examen250821.csproj", "{52433B2D-EDB6-43F4-9D20-F4B32FC58BA0}"
EndProject
Global
	GlobalSection(SolutionConfigurationPlatforms) = preSolution
		Debug|Any CPU = Debug|Any CPU
		Release|Any CPU = Release|Any CPU
	EndGlobalSection
	GlobalSection(ProjectConfigurationPlatforms) = postSolution
		{52433B2D-EDB6-43F4-9D20-F4B32FC58BA0}.Debug|Any CPU.ActiveCfg = Debug|Any CPU
		{52433B2D-EDB6-43F4-9D20-F4B32FC58BA0}.Debug|Any CPU.Build.0 = Debug|Any CPU
		{52433B2D-EDB6-43F4-9D20-F4B32FC58BA0}.Release|Any CPU.ActiveCfg = Release|Any CPU
		{52433B2D-EDB6-43F4-9D20-F4B32FC58BA0}.Release|Any CPU.Build.0 = Release|Any CPU
	EndGlobalSection
	GlobalSection(SolutionProperties) = preSolution
		HideSolutionNode = FALSE
	EndGlobalSection
	GlobalSection(ExtensibilityGlobals) = postSolution
		SolutionGuid = {C73CA073-C82A-40A6-AB6D-882B34F0E59B}
	EndGlobalSection
EndGlobal
